
Microsoft Visual Studio Solution File, Format Version 12.00
# Visual Studio Version 17
VisualStudioVersion = 17.6.33829.357
MinimumVisualStudioVersion = 10.0.40219.1
Project("{FAE04EC0-301F-11D3-BF4B-00C04F79EFBC}") = "FieldEdgeCodeChallenge", "FieldEdgeCodeChallenge\FieldEdgeCodeChallenge.csproj", "{192001FA-CD82-4E10-8053-60F873CA9270}"
EndProject
Global
	GlobalSection(SolutionConfigurationPlatforms) = preSolution
		Debug|Any CPU = Debug|Any CPU
		Release|Any CPU = Release|Any CPU
	EndGlobalSection
	GlobalSection(ProjectConfigurationPlatforms) = postSolution
		{192001FA-CD82-4E10-8053-60F873CA9270}.Debug|Any CPU.ActiveCfg = Debug|Any CPU
		{192001FA-CD82-4E10-8053-60F873CA9270}.Debug|Any CPU.Build.0 = Debug|Any CPU
		{192001FA-CD82-4E10-8053-60F873CA9270}.Release|Any CPU.ActiveCfg = Release|Any CPU
		{192001FA-CD82-4E10-8053-60F873CA9270}.Release|Any CPU.Build.0 = Release|Any CPU
	EndGlobalSection
	GlobalSection(SolutionProperties) = preSolution
		HideSolutionNode = FALSE
	EndGlobalSection
	GlobalSection(ExtensibilityGlobals) = postSolution
		SolutionGuid = {4293A814-C289-4BE5-B7C6-C6F2ADA7F7AF}
	EndGlobalSection
EndGlobal
